
Microsoft Visual Studio Solution File, Format Version 12.00
# Visual Studio 15
VisualStudioVersion = 15.0.27428.2027
MinimumVisualStudioVersion = 10.0.40219.1
Project("{FAE04EC0-301F-11D3-BF4B-00C04F79EFBC}") = "Inheritance3", "Inheritance3\Inheritance3.csproj", "{AECC8A14-EA9C-4041-BEBC-27763DAA47C3}"
EndProject
Global
	GlobalSection(SolutionConfigurationPlatforms) = preSolution
		Debug|Any CPU = Debug|Any CPU
		Release|Any CPU = Release|Any CPU
	EndGlobalSection
	GlobalSection(ProjectConfigurationPlatforms) = postSolution
		{AECC8A14-EA9C-4041-BEBC-27763DAA47C3}.Debug|Any CPU.ActiveCfg = Debug|Any CPU
		{AECC8A14-EA9C-4041-BEBC-27763DAA47C3}.Debug|Any CPU.Build.0 = Debug|Any CPU
		{AECC8A14-EA9C-4041-BEBC-27763DAA47C3}.Release|Any CPU.ActiveCfg = Release|Any CPU
		{AECC8A14-EA9C-4041-BEBC-27763DAA47C3}.Release|Any CPU.Build.0 = Release|Any CPU
	EndGlobalSection
	GlobalSection(SolutionProperties) = preSolution
		HideSolutionNode = FALSE
	EndGlobalSection
	GlobalSection(ExtensibilityGlobals) = postSolution
		SolutionGuid = {5B987AEE-04CD-41D3-BE8E-414DE592AFB3}
	EndGlobalSection
EndGlobal
