
Microsoft Visual Studio Solution File, Format Version 12.00
# Visual Studio 15
VisualStudioVersion = 15.0.27428.2015
MinimumVisualStudioVersion = 10.0.40219.1
Project("{FAE04EC0-301F-11D3-BF4B-00C04F79EFBC}") = "OOP-Model", "OOP-Model\OOP-Model.csproj", "{DC8FFEC1-27FB-45FF-8679-37C9C547600E}"
EndProject
Global
	GlobalSection(SolutionConfigurationPlatforms) = preSolution
		Debug|Any CPU = Debug|Any CPU
		Release|Any CPU = Release|Any CPU
	EndGlobalSection
	GlobalSection(ProjectConfigurationPlatforms) = postSolution
		{DC8FFEC1-27FB-45FF-8679-37C9C547600E}.Debug|Any CPU.ActiveCfg = Debug|Any CPU
		{DC8FFEC1-27FB-45FF-8679-37C9C547600E}.Debug|Any CPU.Build.0 = Debug|Any CPU
		{DC8FFEC1-27FB-45FF-8679-37C9C547600E}.Release|Any CPU.ActiveCfg = Release|Any CPU
		{DC8FFEC1-27FB-45FF-8679-37C9C547600E}.Release|Any CPU.Build.0 = Release|Any CPU
	EndGlobalSection
	GlobalSection(SolutionProperties) = preSolution
		HideSolutionNode = FALSE
	EndGlobalSection
	GlobalSection(ExtensibilityGlobals) = postSolution
		SolutionGuid = {2E2E768A-8114-484A-B813-83B697CC6C87}
	EndGlobalSection
EndGlobal
