
Microsoft Visual Studio Solution File, Format Version 12.00
# Visual Studio 15
VisualStudioVersion = 15.0.27703.2026
MinimumVisualStudioVersion = 10.0.40219.1
Project("{FAE04EC0-301F-11D3-BF4B-00C04F79EFBC}") = "Restaurant", "Restaurant\Restaurant.csproj", "{ABEEC70B-8B55-4BAA-BAC8-3AD26F6CC466}"
EndProject
Global
	GlobalSection(SolutionConfigurationPlatforms) = preSolution
		Debug|Any CPU = Debug|Any CPU
		Release|Any CPU = Release|Any CPU
	EndGlobalSection
	GlobalSection(ProjectConfigurationPlatforms) = postSolution
		{ABEEC70B-8B55-4BAA-BAC8-3AD26F6CC466}.Debug|Any CPU.ActiveCfg = Debug|Any CPU
		{ABEEC70B-8B55-4BAA-BAC8-3AD26F6CC466}.Debug|Any CPU.Build.0 = Debug|Any CPU
		{ABEEC70B-8B55-4BAA-BAC8-3AD26F6CC466}.Release|Any CPU.ActiveCfg = Release|Any CPU
		{ABEEC70B-8B55-4BAA-BAC8-3AD26F6CC466}.Release|Any CPU.Build.0 = Release|Any CPU
	EndGlobalSection
	GlobalSection(SolutionProperties) = preSolution
		HideSolutionNode = FALSE
	EndGlobalSection
	GlobalSection(ExtensibilityGlobals) = postSolution
		SolutionGuid = {D6AF3679-E2A5-4111-9E04-B2B0A0F43D43}
	EndGlobalSection
EndGlobal
