
Microsoft Visual Studio Solution File, Format Version 12.00
Project("{FAE04EC0-301F-11D3-BF4B-00C04F79EFBC}") = "Collections1", "Collections1\Collections1.csproj", "{AB041093-D97C-488B-AEF0-BF2F93D88859}"
EndProject
Project("{FAE04EC0-301F-11D3-BF4B-00C04F79EFBC}") = "Collections2", "Collections2\Collections2.csproj", "{6DA5FE04-49E3-4327-B93C-77C09A463986}"
EndProject
Global
	GlobalSection(SolutionConfigurationPlatforms) = preSolution
		Debug|Any CPU = Debug|Any CPU
		Release|Any CPU = Release|Any CPU
	EndGlobalSection
	GlobalSection(ProjectConfigurationPlatforms) = postSolution
		{AB041093-D97C-488B-AEF0-BF2F93D88859}.Debug|Any CPU.ActiveCfg = Debug|Any CPU
		{AB041093-D97C-488B-AEF0-BF2F93D88859}.Debug|Any CPU.Build.0 = Debug|Any CPU
		{AB041093-D97C-488B-AEF0-BF2F93D88859}.Release|Any CPU.ActiveCfg = Release|Any CPU
		{AB041093-D97C-488B-AEF0-BF2F93D88859}.Release|Any CPU.Build.0 = Release|Any CPU
		{6DA5FE04-49E3-4327-B93C-77C09A463986}.Debug|Any CPU.ActiveCfg = Debug|Any CPU
		{6DA5FE04-49E3-4327-B93C-77C09A463986}.Debug|Any CPU.Build.0 = Debug|Any CPU
		{6DA5FE04-49E3-4327-B93C-77C09A463986}.Release|Any CPU.ActiveCfg = Release|Any CPU
		{6DA5FE04-49E3-4327-B93C-77C09A463986}.Release|Any CPU.Build.0 = Release|Any CPU
	EndGlobalSection
EndGlobal
