
Microsoft Visual Studio Solution File, Format Version 12.00
# Visual Studio 15
VisualStudioVersion = 15.0.27428.2015
MinimumVisualStudioVersion = 10.0.40219.1
Project("{FAE04EC0-301F-11D3-BF4B-00C04F79EFBC}") = "Classes2", "Classes2\Classes2.csproj", "{D10E6D3E-F211-4BF9-B821-42D1F4D2DFB8}"
EndProject
Global
	GlobalSection(SolutionConfigurationPlatforms) = preSolution
		Debug|Any CPU = Debug|Any CPU
		Release|Any CPU = Release|Any CPU
	EndGlobalSection
	GlobalSection(ProjectConfigurationPlatforms) = postSolution
		{D10E6D3E-F211-4BF9-B821-42D1F4D2DFB8}.Debug|Any CPU.ActiveCfg = Debug|Any CPU
		{D10E6D3E-F211-4BF9-B821-42D1F4D2DFB8}.Debug|Any CPU.Build.0 = Debug|Any CPU
		{D10E6D3E-F211-4BF9-B821-42D1F4D2DFB8}.Release|Any CPU.ActiveCfg = Release|Any CPU
		{D10E6D3E-F211-4BF9-B821-42D1F4D2DFB8}.Release|Any CPU.Build.0 = Release|Any CPU
	EndGlobalSection
	GlobalSection(SolutionProperties) = preSolution
		HideSolutionNode = FALSE
	EndGlobalSection
	GlobalSection(ExtensibilityGlobals) = postSolution
		SolutionGuid = {1E407A43-28BA-4366-8F04-2FD7C8D82B1E}
	EndGlobalSection
EndGlobal
