
Microsoft Visual Studio Solution File, Format Version 12.00
# Visual Studio 15
VisualStudioVersion = 15.0.27428.2015
MinimumVisualStudioVersion = 10.0.40219.1
Project("{FAE04EC0-301F-11D3-BF4B-00C04F79EFBC}") = "Inheritance1", "Inheritance1\Inheritance1.csproj", "{13080F0F-06D8-41C5-BDC4-FCAF41F75FF1}"
EndProject
Project("{FAE04EC0-301F-11D3-BF4B-00C04F79EFBC}") = "Inheritance2", "Inheritance2\Inheritance2.csproj", "{888179FE-3B58-4095-A4E5-C7115A35D55A}"
EndProject
Project("{FAE04EC0-301F-11D3-BF4B-00C04F79EFBC}") = "Inheritance3", "Inheritance3\Inheritance3.csproj", "{F4196E31-54F3-4882-8ADD-B6E6588673F4}"
EndProject
Global
	GlobalSection(SolutionConfigurationPlatforms) = preSolution
		Debug|Any CPU = Debug|Any CPU
		Release|Any CPU = Release|Any CPU
	EndGlobalSection
	GlobalSection(ProjectConfigurationPlatforms) = postSolution
		{13080F0F-06D8-41C5-BDC4-FCAF41F75FF1}.Debug|Any CPU.ActiveCfg = Debug|Any CPU
		{13080F0F-06D8-41C5-BDC4-FCAF41F75FF1}.Debug|Any CPU.Build.0 = Debug|Any CPU
		{13080F0F-06D8-41C5-BDC4-FCAF41F75FF1}.Release|Any CPU.ActiveCfg = Release|Any CPU
		{13080F0F-06D8-41C5-BDC4-FCAF41F75FF1}.Release|Any CPU.Build.0 = Release|Any CPU
		{888179FE-3B58-4095-A4E5-C7115A35D55A}.Debug|Any CPU.ActiveCfg = Debug|Any CPU
		{888179FE-3B58-4095-A4E5-C7115A35D55A}.Debug|Any CPU.Build.0 = Debug|Any CPU
		{888179FE-3B58-4095-A4E5-C7115A35D55A}.Release|Any CPU.ActiveCfg = Release|Any CPU
		{888179FE-3B58-4095-A4E5-C7115A35D55A}.Release|Any CPU.Build.0 = Release|Any CPU
		{F4196E31-54F3-4882-8ADD-B6E6588673F4}.Debug|Any CPU.ActiveCfg = Debug|Any CPU
		{F4196E31-54F3-4882-8ADD-B6E6588673F4}.Debug|Any CPU.Build.0 = Debug|Any CPU
		{F4196E31-54F3-4882-8ADD-B6E6588673F4}.Release|Any CPU.ActiveCfg = Release|Any CPU
		{F4196E31-54F3-4882-8ADD-B6E6588673F4}.Release|Any CPU.Build.0 = Release|Any CPU
	EndGlobalSection
	GlobalSection(SolutionProperties) = preSolution
		HideSolutionNode = FALSE
	EndGlobalSection
	GlobalSection(ExtensibilityGlobals) = postSolution
		SolutionGuid = {A8BC3192-96E2-4DBF-82C6-87FEB0804FE7}
	EndGlobalSection
EndGlobal
