
Microsoft Visual Studio Solution File, Format Version 12.00
# Visual Studio 15
VisualStudioVersion = 15.0.27428.2015
MinimumVisualStudioVersion = 10.0.40219.1
Project("{FAE04EC0-301F-11D3-BF4B-00C04F79EFBC}") = "Classes1", "Classes1\Classes1.csproj", "{3202F245-B506-40E8-9CB5-CB8D2FC10A5D}"
EndProject
Project("{FAE04EC0-301F-11D3-BF4B-00C04F79EFBC}") = "Classes2", "Classes2\Classes2.csproj", "{AE306DCB-7150-48FC-AC04-B6B14ACE4711}"
EndProject
Project("{FAE04EC0-301F-11D3-BF4B-00C04F79EFBC}") = "Classes3", "Classes3\Classes3.csproj", "{2D4393B0-5436-4A03-9034-816446EA697A}"
EndProject
Global
	GlobalSection(SolutionConfigurationPlatforms) = preSolution
		Debug|Any CPU = Debug|Any CPU
		Release|Any CPU = Release|Any CPU
	EndGlobalSection
	GlobalSection(ProjectConfigurationPlatforms) = postSolution
		{3202F245-B506-40E8-9CB5-CB8D2FC10A5D}.Debug|Any CPU.ActiveCfg = Debug|Any CPU
		{3202F245-B506-40E8-9CB5-CB8D2FC10A5D}.Debug|Any CPU.Build.0 = Debug|Any CPU
		{3202F245-B506-40E8-9CB5-CB8D2FC10A5D}.Release|Any CPU.ActiveCfg = Release|Any CPU
		{3202F245-B506-40E8-9CB5-CB8D2FC10A5D}.Release|Any CPU.Build.0 = Release|Any CPU
		{AE306DCB-7150-48FC-AC04-B6B14ACE4711}.Debug|Any CPU.ActiveCfg = Debug|Any CPU
		{AE306DCB-7150-48FC-AC04-B6B14ACE4711}.Debug|Any CPU.Build.0 = Debug|Any CPU
		{AE306DCB-7150-48FC-AC04-B6B14ACE4711}.Release|Any CPU.ActiveCfg = Release|Any CPU
		{AE306DCB-7150-48FC-AC04-B6B14ACE4711}.Release|Any CPU.Build.0 = Release|Any CPU
		{2D4393B0-5436-4A03-9034-816446EA697A}.Debug|Any CPU.ActiveCfg = Debug|Any CPU
		{2D4393B0-5436-4A03-9034-816446EA697A}.Debug|Any CPU.Build.0 = Debug|Any CPU
		{2D4393B0-5436-4A03-9034-816446EA697A}.Release|Any CPU.ActiveCfg = Release|Any CPU
		{2D4393B0-5436-4A03-9034-816446EA697A}.Release|Any CPU.Build.0 = Release|Any CPU
	EndGlobalSection
	GlobalSection(SolutionProperties) = preSolution
		HideSolutionNode = FALSE
	EndGlobalSection
	GlobalSection(ExtensibilityGlobals) = postSolution
		SolutionGuid = {54023CAD-1A8D-4C7D-92A1-71C19EAB2271}
	EndGlobalSection
EndGlobal
